# This file was autogenerated by Stack.
# You should not edit this file by hand.
# For more information, please see the documentation at:
#   https://docs.haskellstack.org/en/stable/lock_files

packages:
- completed:
    hackage: hakyll-4.15.1.1@sha256:8ec77fb64dce8e1db2a19cba74107fc3b0472ef5b24296b5c272ed2a7b882f57,9962
    pantry-tree:
      sha256: cab973f55b9ff34f234164a16a8f2fcd650b04fe55d1d51fb41d390d2929060e
      size: 8861
  original:
    hackage: hakyll-4.15.1.1
- completed:
    hackage: stm-2.5.1.0@sha256:2728bfed3864c4bd77cb65ffa23be35c30124fd0054b9e103460a8986aac0ea0,2308
    pantry-tree:
      sha256: 7aaec938904b73ce0ed2ee62a14205acd3534fd70ec7980a70a9f8506d0c8ddf
      size: 1392
  original:
    hackage: stm-2.5.1.0
- completed:
    hackage: exceptions-0.10.7@sha256:60ccc2277f8fa98a1a03c42afd9c589ba33ce208eaaef7d69bfbb42ce09d1816,2803
    pantry-tree:
      sha256: d120a93fe716375208630bd9a2079d325d230dfa4d4909c00ac8d110da42c05c
      size: 739
  original:
    hackage: exceptions-0.10.7
snapshots:
- completed:
    sha256: 4905c93319aa94aa53da8f41d614d7bacdbfe6c63a8c6132d32e6e62f24a9af4
    size: 649315
    url: https://raw.githubusercontent.com/commercialhaskell/stackage-snapshots/master/lts/20/6.yaml
  original: lts-20.6
